
Microsoft Visual Studio Solution File, Format Version 12.00
Project("{FAE04EC0-301F-11D3-BF4B-00C04F79EFBC}") = "RabbitMQ.Consumer", "RabbitMQ.Consumer\RabbitMQ.Consumer.csproj", "{7A8EF70A-06FF-404C-9DC8-DCCC22DBD0B6}"
EndProject
Global
	GlobalSection(SolutionConfigurationPlatforms) = preSolution
		Debug|Any CPU = Debug|Any CPU
		Release|Any CPU = Release|Any CPU
	EndGlobalSection
	GlobalSection(ProjectConfigurationPlatforms) = postSolution
		{7A8EF70A-06FF-404C-9DC8-DCCC22DBD0B6}.Debug|Any CPU.ActiveCfg = Debug|Any CPU
		{7A8EF70A-06FF-404C-9DC8-DCCC22DBD0B6}.Debug|Any CPU.Build.0 = Debug|Any CPU
		{7A8EF70A-06FF-404C-9DC8-DCCC22DBD0B6}.Release|Any CPU.ActiveCfg = Release|Any CPU
		{7A8EF70A-06FF-404C-9DC8-DCCC22DBD0B6}.Release|Any CPU.Build.0 = Release|Any CPU
	EndGlobalSection
EndGlobal
